
Microsoft Visual Studio Solution File, Format Version 12.00
Project("{FAE04EC0-301F-11D3-BF4B-00C04F79EFBC}") = "WPFtest1", "WPFtest1\WPFtest1.csproj", "{F5B27462-13B7-4F26-BE79-8623FCF3BE98}"
EndProject
Global
	GlobalSection(SolutionConfigurationPlatforms) = preSolution
		Debug|Any CPU = Debug|Any CPU
		Release|Any CPU = Release|Any CPU
	EndGlobalSection
	GlobalSection(ProjectConfigurationPlatforms) = postSolution
		{F5B27462-13B7-4F26-BE79-8623FCF3BE98}.Debug|Any CPU.ActiveCfg = Debug|Any CPU
		{F5B27462-13B7-4F26-BE79-8623FCF3BE98}.Debug|Any CPU.Build.0 = Debug|Any CPU
		{F5B27462-13B7-4F26-BE79-8623FCF3BE98}.Release|Any CPU.ActiveCfg = Release|Any CPU
		{F5B27462-13B7-4F26-BE79-8623FCF3BE98}.Release|Any CPU.Build.0 = Release|Any CPU
	EndGlobalSection
EndGlobal
