
Microsoft Visual Studio Solution File, Format Version 12.00
# Visual Studio Version 17
VisualStudioVersion = 17.11.35222.181
MinimumVisualStudioVersion = 10.0.40219.1
Project("{FAE04EC0-301F-11D3-BF4B-00C04F79EFBC}") = "WebApplication4", "WebApplication4\WebApplication4.csproj", "{DB57374F-DAED-49AD-A720-56528169A049}"
EndProject
Global
	GlobalSection(SolutionConfigurationPlatforms) = preSolution
		Debug|Any CPU = Debug|Any CPU
		Release|Any CPU = Release|Any CPU
	EndGlobalSection
	GlobalSection(ProjectConfigurationPlatforms) = postSolution
		{DB57374F-DAED-49AD-A720-56528169A049}.Debug|Any CPU.ActiveCfg = Debug|Any CPU
		{DB57374F-DAED-49AD-A720-56528169A049}.Debug|Any CPU.Build.0 = Debug|Any CPU
		{DB57374F-DAED-49AD-A720-56528169A049}.Release|Any CPU.ActiveCfg = Release|Any CPU
		{DB57374F-DAED-49AD-A720-56528169A049}.Release|Any CPU.Build.0 = Release|Any CPU
	EndGlobalSection
	GlobalSection(SolutionProperties) = preSolution
		HideSolutionNode = FALSE
	EndGlobalSection
	GlobalSection(ExtensibilityGlobals) = postSolution
		SolutionGuid = {4DC13679-E108-4083-92FF-C284C62AC81F}
	EndGlobalSection
EndGlobal
