
Microsoft Visual Studio Solution File, Format Version 12.00
# Visual Studio Version 17
VisualStudioVersion = 17.1.32210.238
MinimumVisualStudioVersion = 10.0.40219.1
Project("{FAE04EC0-301F-11D3-BF4B-00C04F79EFBC}") = "Data", "Data\Data.csproj", "{02BC5B95-4070-4CDE-B847-62C267D14F3E}"
EndProject
Global
	GlobalSection(SolutionConfigurationPlatforms) = preSolution
		Debug|Any CPU = Debug|Any CPU
		Release|Any CPU = Release|Any CPU
	EndGlobalSection
	GlobalSection(ProjectConfigurationPlatforms) = postSolution
		{02BC5B95-4070-4CDE-B847-62C267D14F3E}.Debug|Any CPU.ActiveCfg = Debug|Any CPU
		{02BC5B95-4070-4CDE-B847-62C267D14F3E}.Debug|Any CPU.Build.0 = Debug|Any CPU
		{02BC5B95-4070-4CDE-B847-62C267D14F3E}.Release|Any CPU.ActiveCfg = Release|Any CPU
		{02BC5B95-4070-4CDE-B847-62C267D14F3E}.Release|Any CPU.Build.0 = Release|Any CPU
	EndGlobalSection
	GlobalSection(SolutionProperties) = preSolution
		HideSolutionNode = FALSE
	EndGlobalSection
	GlobalSection(ExtensibilityGlobals) = postSolution
		SolutionGuid = {B7D9CB83-B25B-443D-BAEA-19CDBEEAE0B8}
	EndGlobalSection
EndGlobal
