
Microsoft Visual Studio Solution File, Format Version 12.00
# Visual Studio Version 16
VisualStudioVersion = 16.0.31702.278
MinimumVisualStudioVersion = 10.0.40219.1
Project("{FAE04EC0-301F-11D3-BF4B-00C04F79EFBC}") = "軟體工程", "軟體工程\軟體工程.csproj", "{7A079360-A64B-4481-A4D8-A8945AB24581}"
EndProject
Global
	GlobalSection(SolutionConfigurationPlatforms) = preSolution
		Debug|Any CPU = Debug|Any CPU
		Release|Any CPU = Release|Any CPU
	EndGlobalSection
	GlobalSection(ProjectConfigurationPlatforms) = postSolution
		{7A079360-A64B-4481-A4D8-A8945AB24581}.Debug|Any CPU.ActiveCfg = Debug|Any CPU
		{7A079360-A64B-4481-A4D8-A8945AB24581}.Debug|Any CPU.Build.0 = Debug|Any CPU
		{7A079360-A64B-4481-A4D8-A8945AB24581}.Release|Any CPU.ActiveCfg = Release|Any CPU
		{7A079360-A64B-4481-A4D8-A8945AB24581}.Release|Any CPU.Build.0 = Release|Any CPU
	EndGlobalSection
	GlobalSection(SolutionProperties) = preSolution
		HideSolutionNode = FALSE
	EndGlobalSection
	GlobalSection(ExtensibilityGlobals) = postSolution
		SolutionGuid = {82BDB715-5A84-47A5-A90F-07F84CDDAC09}
	EndGlobalSection
EndGlobal
