
Microsoft Visual Studio Solution File, Format Version 12.00
# Visual Studio Version 17
VisualStudioVersion = 17.11.35327.3
MinimumVisualStudioVersion = 10.0.40219.1
Project("{FAE04EC0-301F-11D3-BF4B-00C04F79EFBC}") = "1011", "1011\1011.csproj", "{62F34A2A-B480-421F-AB11-BCB2B9A0F112}"
EndProject
Global
	GlobalSection(SolutionConfigurationPlatforms) = preSolution
		Debug|Any CPU = Debug|Any CPU
		Release|Any CPU = Release|Any CPU
	EndGlobalSection
	GlobalSection(ProjectConfigurationPlatforms) = postSolution
		{62F34A2A-B480-421F-AB11-BCB2B9A0F112}.Debug|Any CPU.ActiveCfg = Debug|Any CPU
		{62F34A2A-B480-421F-AB11-BCB2B9A0F112}.Debug|Any CPU.Build.0 = Debug|Any CPU
		{62F34A2A-B480-421F-AB11-BCB2B9A0F112}.Release|Any CPU.ActiveCfg = Release|Any CPU
		{62F34A2A-B480-421F-AB11-BCB2B9A0F112}.Release|Any CPU.Build.0 = Release|Any CPU
	EndGlobalSection
	GlobalSection(SolutionProperties) = preSolution
		HideSolutionNode = FALSE
	EndGlobalSection
	GlobalSection(ExtensibilityGlobals) = postSolution
		SolutionGuid = {C13ADCDB-493D-4CBD-AD6D-A98D2F60F2E5}
	EndGlobalSection
EndGlobal
