
Microsoft Visual Studio Solution File, Format Version 12.00
# Visual Studio Version 17
VisualStudioVersion = 17.7.34202.233
MinimumVisualStudioVersion = 10.0.40219.1
Project("{FAE04EC0-301F-11D3-BF4B-00C04F79EFBC}") = "homework1", "homework1\homework1.csproj", "{8761F127-C87B-4E20-BC04-3B153062DBCD}"
EndProject
Global
	GlobalSection(SolutionConfigurationPlatforms) = preSolution
		Debug|Any CPU = Debug|Any CPU
		Release|Any CPU = Release|Any CPU
	EndGlobalSection
	GlobalSection(ProjectConfigurationPlatforms) = postSolution
		{8761F127-C87B-4E20-BC04-3B153062DBCD}.Debug|Any CPU.ActiveCfg = Debug|Any CPU
		{8761F127-C87B-4E20-BC04-3B153062DBCD}.Debug|Any CPU.Build.0 = Debug|Any CPU
		{8761F127-C87B-4E20-BC04-3B153062DBCD}.Release|Any CPU.ActiveCfg = Release|Any CPU
		{8761F127-C87B-4E20-BC04-3B153062DBCD}.Release|Any CPU.Build.0 = Release|Any CPU
	EndGlobalSection
	GlobalSection(SolutionProperties) = preSolution
		HideSolutionNode = FALSE
	EndGlobalSection
	GlobalSection(ExtensibilityGlobals) = postSolution
		SolutionGuid = {217CD940-4FC9-4A8B-A72D-206A102CF32D}
	EndGlobalSection
EndGlobal
