
Microsoft Visual Studio Solution File, Format Version 12.00
# Visual Studio Version 17
VisualStudioVersion = 17.11.35312.102
MinimumVisualStudioVersion = 10.0.40219.1
Project("{FAE04EC0-301F-11D3-BF4B-00C04F79EFBC}") = "TouristSpotWeb", "TouristSpotWeb\TouristSpotWeb.csproj", "{12165263-8A38-4DF0-BEA1-0932EB762182}"
EndProject
Global
	GlobalSection(SolutionConfigurationPlatforms) = preSolution
		Debug|Any CPU = Debug|Any CPU
		Release|Any CPU = Release|Any CPU
	EndGlobalSection
	GlobalSection(ProjectConfigurationPlatforms) = postSolution
		{12165263-8A38-4DF0-BEA1-0932EB762182}.Debug|Any CPU.ActiveCfg = Debug|Any CPU
		{12165263-8A38-4DF0-BEA1-0932EB762182}.Debug|Any CPU.Build.0 = Debug|Any CPU
		{12165263-8A38-4DF0-BEA1-0932EB762182}.Release|Any CPU.ActiveCfg = Release|Any CPU
		{12165263-8A38-4DF0-BEA1-0932EB762182}.Release|Any CPU.Build.0 = Release|Any CPU
	EndGlobalSection
	GlobalSection(SolutionProperties) = preSolution
		HideSolutionNode = FALSE
	EndGlobalSection
	GlobalSection(ExtensibilityGlobals) = postSolution
		SolutionGuid = {739A07D0-C428-4B80-ABF8-3D55F666F5AB}
	EndGlobalSection
EndGlobal
