
Microsoft Visual Studio Solution File, Format Version 12.00
# Visual Studio Version 17
VisualStudioVersion = 17.9.34701.34
MinimumVisualStudioVersion = 10.0.40219.1
Project("{FAE04EC0-301F-11D3-BF4B-00C04F79EFBC}") = "ConsoleApp1", "ConsoleApp1\ConsoleApp1.csproj", "{0F510115-F675-46FF-81F8-ACE91CC77562}"
EndProject
Global
	GlobalSection(SolutionConfigurationPlatforms) = preSolution
		Debug|Any CPU = Debug|Any CPU
		Release|Any CPU = Release|Any CPU
	EndGlobalSection
	GlobalSection(ProjectConfigurationPlatforms) = postSolution
		{0F510115-F675-46FF-81F8-ACE91CC77562}.Debug|Any CPU.ActiveCfg = Debug|Any CPU
		{0F510115-F675-46FF-81F8-ACE91CC77562}.Debug|Any CPU.Build.0 = Debug|Any CPU
		{0F510115-F675-46FF-81F8-ACE91CC77562}.Release|Any CPU.ActiveCfg = Release|Any CPU
		{0F510115-F675-46FF-81F8-ACE91CC77562}.Release|Any CPU.Build.0 = Release|Any CPU
	EndGlobalSection
	GlobalSection(SolutionProperties) = preSolution
		HideSolutionNode = FALSE
	EndGlobalSection
	GlobalSection(ExtensibilityGlobals) = postSolution
		SolutionGuid = {6D2690AC-AD4D-4343-B5C5-273B454179B8}
	EndGlobalSection
EndGlobal
