
Microsoft Visual Studio Solution File, Format Version 12.00
# Visual Studio Version 17
VisualStudioVersion = 17.9.34728.123
MinimumVisualStudioVersion = 10.0.40219.1
Project("{FAE04EC0-301F-11D3-BF4B-00C04F79EFBC}") = "ConsoleApp1", "ConsoleApp1.csproj", "{CF2FA16E-8521-421F-B0A5-ACA410558519}"
EndProject
Global
	GlobalSection(SolutionConfigurationPlatforms) = preSolution
		Debug|Any CPU = Debug|Any CPU
		Release|Any CPU = Release|Any CPU
	EndGlobalSection
	GlobalSection(ProjectConfigurationPlatforms) = postSolution
		{CF2FA16E-8521-421F-B0A5-ACA410558519}.Debug|Any CPU.ActiveCfg = Debug|Any CPU
		{CF2FA16E-8521-421F-B0A5-ACA410558519}.Debug|Any CPU.Build.0 = Debug|Any CPU
		{CF2FA16E-8521-421F-B0A5-ACA410558519}.Release|Any CPU.ActiveCfg = Release|Any CPU
		{CF2FA16E-8521-421F-B0A5-ACA410558519}.Release|Any CPU.Build.0 = Release|Any CPU
	EndGlobalSection
	GlobalSection(SolutionProperties) = preSolution
		HideSolutionNode = FALSE
	EndGlobalSection
	GlobalSection(ExtensibilityGlobals) = postSolution
		SolutionGuid = {45FF4689-1C01-42B3-B93D-44BEC65CD70C}
	EndGlobalSection
EndGlobal
