
Microsoft Visual Studio Solution File, Format Version 12.00
# Visual Studio Version 17
VisualStudioVersion = 17.9.34714.143
MinimumVisualStudioVersion = 10.0.40219.1
Project("{FAE04EC0-301F-11D3-BF4B-00C04F79EFBC}") = "C110152349", "C110152349\C110152349.csproj", "{255580B1-3CEF-480C-AE33-9FB4CA2AD625}"
EndProject
Global
	GlobalSection(SolutionConfigurationPlatforms) = preSolution
		Debug|Any CPU = Debug|Any CPU
		Release|Any CPU = Release|Any CPU
	EndGlobalSection
	GlobalSection(ProjectConfigurationPlatforms) = postSolution
		{255580B1-3CEF-480C-AE33-9FB4CA2AD625}.Debug|Any CPU.ActiveCfg = Debug|Any CPU
		{255580B1-3CEF-480C-AE33-9FB4CA2AD625}.Debug|Any CPU.Build.0 = Debug|Any CPU
		{255580B1-3CEF-480C-AE33-9FB4CA2AD625}.Release|Any CPU.ActiveCfg = Release|Any CPU
		{255580B1-3CEF-480C-AE33-9FB4CA2AD625}.Release|Any CPU.Build.0 = Release|Any CPU
	EndGlobalSection
	GlobalSection(SolutionProperties) = preSolution
		HideSolutionNode = FALSE
	EndGlobalSection
	GlobalSection(ExtensibilityGlobals) = postSolution
		SolutionGuid = {36EF9D71-2932-4F31-B6E9-2930A2F34172}
	EndGlobalSection
EndGlobal
