
Microsoft Visual Studio Solution File, Format Version 12.00
# Visual Studio Version 17
VisualStudioVersion = 17.11.35327.3
MinimumVisualStudioVersion = 10.0.40219.1
Project("{FAE04EC0-301F-11D3-BF4B-00C04F79EFBC}") = "WindowsFormsApp1", "WindowsFormsApp1.csproj", "{22D5190C-2C41-48BF-A2F4-D88C9FA81934}"
EndProject
Global
	GlobalSection(SolutionConfigurationPlatforms) = preSolution
		Debug|Any CPU = Debug|Any CPU
		Release|Any CPU = Release|Any CPU
	EndGlobalSection
	GlobalSection(ProjectConfigurationPlatforms) = postSolution
		{22D5190C-2C41-48BF-A2F4-D88C9FA81934}.Debug|Any CPU.ActiveCfg = Debug|Any CPU
		{22D5190C-2C41-48BF-A2F4-D88C9FA81934}.Debug|Any CPU.Build.0 = Debug|Any CPU
		{22D5190C-2C41-48BF-A2F4-D88C9FA81934}.Release|Any CPU.ActiveCfg = Release|Any CPU
		{22D5190C-2C41-48BF-A2F4-D88C9FA81934}.Release|Any CPU.Build.0 = Release|Any CPU
	EndGlobalSection
	GlobalSection(SolutionProperties) = preSolution
		HideSolutionNode = FALSE
	EndGlobalSection
	GlobalSection(ExtensibilityGlobals) = postSolution
		SolutionGuid = {87BA1F5F-0960-4A68-9E78-4B5500C201E6}
	EndGlobalSection
EndGlobal
