
Microsoft Visual Studio Solution File, Format Version 12.00
# Visual Studio Version 17
VisualStudioVersion = 17.11.35431.28
MinimumVisualStudioVersion = 10.0.40219.1
Project("{FAE04EC0-301F-11D3-BF4B-00C04F79EFBC}") = "WebApplication1", "WebApplication1\WebApplication1.csproj", "{292E05A9-AE75-4144-BE17-D69AA44B8540}"
EndProject
Global
	GlobalSection(SolutionConfigurationPlatforms) = preSolution
		Debug|Any CPU = Debug|Any CPU
		Release|Any CPU = Release|Any CPU
	EndGlobalSection
	GlobalSection(ProjectConfigurationPlatforms) = postSolution
		{292E05A9-AE75-4144-BE17-D69AA44B8540}.Debug|Any CPU.ActiveCfg = Debug|Any CPU
		{292E05A9-AE75-4144-BE17-D69AA44B8540}.Debug|Any CPU.Build.0 = Debug|Any CPU
		{292E05A9-AE75-4144-BE17-D69AA44B8540}.Release|Any CPU.ActiveCfg = Release|Any CPU
		{292E05A9-AE75-4144-BE17-D69AA44B8540}.Release|Any CPU.Build.0 = Release|Any CPU
	EndGlobalSection
	GlobalSection(SolutionProperties) = preSolution
		HideSolutionNode = FALSE
	EndGlobalSection
	GlobalSection(ExtensibilityGlobals) = postSolution
		SolutionGuid = {E7238531-91F7-4AE7-A4BB-7CB2ABC7AFFB}
	EndGlobalSection
EndGlobal
