
Microsoft Visual Studio Solution File, Format Version 12.00
# Visual Studio Version 16
VisualStudioVersion = 16.0.33027.164
MinimumVisualStudioVersion = 10.0.40219.1
Project("{FAE04EC0-301F-11D3-BF4B-00C04F79EFBC}") = "ConsoleApp1", "ConsoleApp1\ConsoleApp1.csproj", "{991643C1-E39B-45DF-A770-0B7C23BB8290}"
EndProject
Global
	GlobalSection(SolutionConfigurationPlatforms) = preSolution
		Debug|Any CPU = Debug|Any CPU
		Release|Any CPU = Release|Any CPU
	EndGlobalSection
	GlobalSection(ProjectConfigurationPlatforms) = postSolution
		{991643C1-E39B-45DF-A770-0B7C23BB8290}.Debug|Any CPU.ActiveCfg = Debug|Any CPU
		{991643C1-E39B-45DF-A770-0B7C23BB8290}.Debug|Any CPU.Build.0 = Debug|Any CPU
		{991643C1-E39B-45DF-A770-0B7C23BB8290}.Release|Any CPU.ActiveCfg = Release|Any CPU
		{991643C1-E39B-45DF-A770-0B7C23BB8290}.Release|Any CPU.Build.0 = Release|Any CPU
	EndGlobalSection
	GlobalSection(SolutionProperties) = preSolution
		HideSolutionNode = FALSE
	EndGlobalSection
	GlobalSection(ExtensibilityGlobals) = postSolution
		SolutionGuid = {D2CFE96D-4A04-4268-8D2E-7A596D35FF40}
	EndGlobalSection
EndGlobal
