
Microsoft Visual Studio Solution File, Format Version 12.00
# Visual Studio Version 17
VisualStudioVersion = 17.10.35027.167
MinimumVisualStudioVersion = 10.0.40219.1
Project("{FAE04EC0-301F-11D3-BF4B-00C04F79EFBC}") = "WebApplication2", "WebApplication2\WebApplication2.csproj", "{89623354-863A-4F3D-A39D-E804F1A3B83D}"
EndProject
Project("{2150E333-8FDC-42A3-9474-1A3956D46DE8}") = "方案項目", "方案項目", "{BAE1301A-8498-4430-BEF3-C16F86C57CEC}"
EndProject
Global
	GlobalSection(SolutionConfigurationPlatforms) = preSolution
		Debug|Any CPU = Debug|Any CPU
		Release|Any CPU = Release|Any CPU
	EndGlobalSection
	GlobalSection(ProjectConfigurationPlatforms) = postSolution
		{89623354-863A-4F3D-A39D-E804F1A3B83D}.Debug|Any CPU.ActiveCfg = Debug|Any CPU
		{89623354-863A-4F3D-A39D-E804F1A3B83D}.Debug|Any CPU.Build.0 = Debug|Any CPU
		{89623354-863A-4F3D-A39D-E804F1A3B83D}.Release|Any CPU.ActiveCfg = Release|Any CPU
		{89623354-863A-4F3D-A39D-E804F1A3B83D}.Release|Any CPU.Build.0 = Release|Any CPU
	EndGlobalSection
	GlobalSection(SolutionProperties) = preSolution
		HideSolutionNode = FALSE
	EndGlobalSection
	GlobalSection(ExtensibilityGlobals) = postSolution
		SolutionGuid = {CE9EF305-3402-4603-97CE-3A88B9561D9A}
	EndGlobalSection
EndGlobal
