
Microsoft Visual Studio Solution File, Format Version 12.00
# Visual Studio Version 17
VisualStudioVersion = 17.11.35431.28
MinimumVisualStudioVersion = 10.0.40219.1
Project("{FAE04EC0-301F-11D3-BF4B-00C04F79EFBC}") = "MidProject", "MidProject.csproj", "{FEDCB7BA-BCAC-48C1-AE5E-009AAFCA41AE}"
EndProject
Global
	GlobalSection(SolutionConfigurationPlatforms) = preSolution
		Debug|Any CPU = Debug|Any CPU
		Release|Any CPU = Release|Any CPU
	EndGlobalSection
	GlobalSection(ProjectConfigurationPlatforms) = postSolution
		{FEDCB7BA-BCAC-48C1-AE5E-009AAFCA41AE}.Debug|Any CPU.ActiveCfg = Debug|Any CPU
		{FEDCB7BA-BCAC-48C1-AE5E-009AAFCA41AE}.Debug|Any CPU.Build.0 = Debug|Any CPU
		{FEDCB7BA-BCAC-48C1-AE5E-009AAFCA41AE}.Release|Any CPU.ActiveCfg = Release|Any CPU
		{FEDCB7BA-BCAC-48C1-AE5E-009AAFCA41AE}.Release|Any CPU.Build.0 = Release|Any CPU
	EndGlobalSection
	GlobalSection(SolutionProperties) = preSolution
		HideSolutionNode = FALSE
	EndGlobalSection
	GlobalSection(ExtensibilityGlobals) = postSolution
		SolutionGuid = {5A16FC4B-CB3C-4B8D-A7C6-F7D1EA1CE91B}
	EndGlobalSection
EndGlobal
